
Microsoft Visual Studio Solution File, Format Version 12.00
# Visual Studio 2013
VisualStudioVersion = 12.0.21005.1
MinimumVisualStudioVersion = 10.0.40219.1
Project("{FAE04EC0-301F-11D3-BF4B-00C04F79EFBC}") = "OctupusTest", "OctupusTest\OctupusTest.csproj", "{2FA0B4B2-B5DD-4D97-A737-2B3F0B1ED37C}"
EndProject
Global
	GlobalSection(SolutionConfigurationPlatforms) = preSolution
		Debug|Any CPU = Debug|Any CPU
		Production|Any CPU = Production|Any CPU
		Release|Any CPU = Release|Any CPU
		Test|Any CPU = Test|Any CPU
	EndGlobalSection
	GlobalSection(ProjectConfigurationPlatforms) = postSolution
		{2FA0B4B2-B5DD-4D97-A737-2B3F0B1ED37C}.Debug|Any CPU.ActiveCfg = Debug|Any CPU
		{2FA0B4B2-B5DD-4D97-A737-2B3F0B1ED37C}.Debug|Any CPU.Build.0 = Debug|Any CPU
		{2FA0B4B2-B5DD-4D97-A737-2B3F0B1ED37C}.Production|Any CPU.ActiveCfg = Production|Any CPU
		{2FA0B4B2-B5DD-4D97-A737-2B3F0B1ED37C}.Production|Any CPU.Build.0 = Production|Any CPU
		{2FA0B4B2-B5DD-4D97-A737-2B3F0B1ED37C}.Release|Any CPU.ActiveCfg = Test|Any CPU
		{2FA0B4B2-B5DD-4D97-A737-2B3F0B1ED37C}.Release|Any CPU.Build.0 = Test|Any CPU
		{2FA0B4B2-B5DD-4D97-A737-2B3F0B1ED37C}.Release|Any CPU.Deploy.0 = Test|Any CPU
		{2FA0B4B2-B5DD-4D97-A737-2B3F0B1ED37C}.Test|Any CPU.ActiveCfg = Test|Any CPU
		{2FA0B4B2-B5DD-4D97-A737-2B3F0B1ED37C}.Test|Any CPU.Build.0 = Test|Any CPU
	EndGlobalSection
	GlobalSection(SolutionProperties) = preSolution
		HideSolutionNode = FALSE
	EndGlobalSection
EndGlobal
